// !$*UTF8*$!
{
	archiveVersion = 1;
	classes = {
	};
	objectVersion = 46;
	objects = {

/* Begin PBXBuildFile section */
		31B099D61C8556CC0037B2A6 /* CustomButton.swift in Sources */ = {isa = PBXBuildFile; fileRef = 31B099D51C8556CC0037B2A6 /* CustomButton.swift */; };
		31B099DD1C8674760037B2A6 /* LaunchViewController.swift in Sources */ = {isa = PBXBuildFile; fileRef = 31B099DC1C8674760037B2A6 /* LaunchViewController.swift */; };
		31B099E41C8674CD0037B2A6 /* OvalLayer.swift in Sources */ = {isa = PBXBuildFile; fileRef = 31B099DF1C8674CD0037B2A6 /* OvalLayer.swift */; };
		31B099E51C8674CD0037B2A6 /* TriangleLayer.swift in Sources */ = {isa = PBXBuildFile; fileRef = 31B099E01C8674CD0037B2A6 /* TriangleLayer.swift */; };
		31B099E61C8674CD0037B2A6 /* RectangleLayer.swift in Sources */ = {isa = PBXBuildFile; fileRef = 31B099E11C8674CD0037B2A6 /* RectangleLayer.swift */; };
		31B099E71C8674CD0037B2A6 /* ArcLayer.swift in Sources */ = {isa = PBXBuildFile; fileRef = 31B099E21C8674CD0037B2A6 /* ArcLayer.swift */; };
		31B099E81C8674CD0037B2A6 /* HolderView.swift in Sources */ = {isa = PBXBuildFile; fileRef = 31B099E31C8674CD0037B2A6 /* HolderView.swift */; };
		31B099EA1C8674E90037B2A6 /* Colors.swift in Sources */ = {isa = PBXBuildFile; fileRef = 31B099E91C8674E90037B2A6 /* Colors.swift */; };
		31B099EE1C86768C0037B2A6 /* LaunchScreen.xib in Resources */ = {isa = PBXBuildFile; fileRef = 31B099F01C86768C0037B2A6 /* LaunchScreen.xib */; };
		31D9E3781C7B919B00E60F80 /* ChallengeCell.swift in Sources */ = {isa = PBXBuildFile; fileRef = 31D9E3771C7B919B00E60F80 /* ChallengeCell.swift */; };
		31D9E39B1C7D48C400E60F80 /* Main.storyboard in Resources */ = {isa = PBXBuildFile; fileRef = 31D9E39A1C7D48C400E60F80 /* Main.storyboard */; };
		31D9E39D1C7FBF1B00E60F80 /* LeaderboardViewController.swift in Sources */ = {isa = PBXBuildFile; fileRef = 31D9E39C1C7FBF1B00E60F80 /* LeaderboardViewController.swift */; };
		31D9E39F1C80074500E60F80 /* LeaderboardCollectionViewCell.swift in Sources */ = {isa = PBXBuildFile; fileRef = 31D9E39E1C80074500E60F80 /* LeaderboardCollectionViewCell.swift */; };
		31D9E3C41C825CD700E60F80 /* GOT.mp3 in Resources */ = {isa = PBXBuildFile; fileRef = 31D9E3C31C825CD700E60F80 /* GOT.mp3 */; };
		31D9E3C61C82633E00E60F80 /* Pokemon.mp3 in Resources */ = {isa = PBXBuildFile; fileRef = 31D9E3C51C82633E00E60F80 /* Pokemon.mp3 */; };
		31D9E3C81C82639D00E60F80 /* Brew.mp3 in Resources */ = {isa = PBXBuildFile; fileRef = 31D9E3C71C82639D00E60F80 /* Brew.mp3 */; };
		31D9E3CA1C82645600E60F80 /* Yoga.mp3 in Resources */ = {isa = PBXBuildFile; fileRef = 31D9E3C91C82645600E60F80 /* Yoga.mp3 */; };
		31D9E3CC1C8264D800E60F80 /* Git.mp3 in Resources */ = {isa = PBXBuildFile; fileRef = 31D9E3CB1C8264D800E60F80 /* Git.mp3 */; };
		5D4BCA911C728DBA005EB36E /* AppDelegate.swift in Sources */ = {isa = PBXBuildFile; fileRef = 5D4BCA901C728DBA005EB36E /* AppDelegate.swift */; };
		5D4BCA991C728DBA005EB36E /* PlatypusMVP.xcdatamodeld in Sources */ = {isa = PBXBuildFile; fileRef = 5D4BCA971C728DBA005EB36E /* PlatypusMVP.xcdatamodeld */; };
		5D4BCA9B1C728DBA005EB36E /* Assets.xcassets in Resources */ = {isa = PBXBuildFile; fileRef = 5D4BCA9A1C728DBA005EB36E /* Assets.xcassets */; };
		5D4BCA9E1C728DBA005EB36E /* LaunchScreen.storyboard in Resources */ = {isa = PBXBuildFile; fileRef = 5D4BCA9C1C728DBA005EB36E /* LaunchScreen.storyboard */; };
		5D4BCAA81C728E8C005EB36E /* LoginViewController.swift in Sources */ = {isa = PBXBuildFile; fileRef = 5D4BCAA71C728E8C005EB36E /* LoginViewController.swift */; };
		5D4BCAAE1C72926F005EB36E /* CreateAccountViewController.swift in Sources */ = {isa = PBXBuildFile; fileRef = 5D4BCAAD1C72926F005EB36E /* CreateAccountViewController.swift */; };
		5D4BCAB31C7293B9005EB36E /* ChallengesTableViewController.swift in Sources */ = {isa = PBXBuildFile; fileRef = 5D4BCAB21C7293B9005EB36E /* ChallengesTableViewController.swift */; };
		5D4BCAB51C7293ED005EB36E /* StartViewController.swift in Sources */ = {isa = PBXBuildFile; fileRef = 5D4BCAB41C7293ED005EB36E /* StartViewController.swift */; };
		5D4BCAB71C729403005EB36E /* GamePlayViewController.swift in Sources */ = {isa = PBXBuildFile; fileRef = 5D4BCAB61C729403005EB36E /* GamePlayViewController.swift */; };
		5D4BCAB91C72A2F2005EB36E /* Challenges.swift in Sources */ = {isa = PBXBuildFile; fileRef = 5D4BCAB81C72A2F2005EB36E /* Challenges.swift */; };
		5DB550C11C7534EC009E66F8 /* WinnerViewController.swift in Sources */ = {isa = PBXBuildFile; fileRef = 5DB550C01C7534EC009E66F8 /* WinnerViewController.swift */; };
/* End PBXBuildFile section */

/* Begin PBXFileReference section */
		31B099D51C8556CC0037B2A6 /* CustomButton.swift */ = {isa = PBXFileReference; fileEncoding = 4; lastKnownFileType = sourcecode.swift; name = CustomButton.swift; path = ../CustomButton.swift; sourceTree = "<group>"; };
		31B099DC1C8674760037B2A6 /* LaunchViewController.swift */ = {isa = PBXFileReference; fileEncoding = 4; lastKnownFileType = sourcecode.swift; path = LaunchViewController.swift; sourceTree = "<group>"; };
		31B099DF1C8674CD0037B2A6 /* OvalLayer.swift */ = {isa = PBXFileReference; fileEncoding = 4; lastKnownFileType = sourcecode.swift; path = OvalLayer.swift; sourceTree = "<group>"; };
		31B099E01C8674CD0037B2A6 /* TriangleLayer.swift */ = {isa = PBXFileReference; fileEncoding = 4; lastKnownFileType = sourcecode.swift; path = TriangleLayer.swift; sourceTree = "<group>"; };
		31B099E11C8674CD0037B2A6 /* RectangleLayer.swift */ = {isa = PBXFileReference; fileEncoding = 4; lastKnownFileType = sourcecode.swift; path = RectangleLayer.swift; sourceTree = "<group>"; };
		31B099E21C8674CD0037B2A6 /* ArcLayer.swift */ = {isa = PBXFileReference; fileEncoding = 4; lastKnownFileType = sourcecode.swift; path = ArcLayer.swift; sourceTree = "<group>"; };
		31B099E31C8674CD0037B2A6 /* HolderView.swift */ = {isa = PBXFileReference; fileEncoding = 4; lastKnownFileType = sourcecode.swift; path = HolderView.swift; sourceTree = "<group>"; };
		31B099E91C8674E90037B2A6 /* Colors.swift */ = {isa = PBXFileReference; fileEncoding = 4; lastKnownFileType = sourcecode.swift; path = Colors.swift; sourceTree = "<group>"; };
		31B099EF1C86768C0037B2A6 /* Base */ = {isa = PBXFileReference; lastKnownFileType = file.xib; name = Base; path = Base.lproj/LaunchScreen.xib; sourceTree = "<group>"; };
		31D9E3771C7B919B00E60F80 /* ChallengeCell.swift */ = {isa = PBXFileReference; fileEncoding = 4; lastKnownFileType = sourcecode.swift; path = ChallengeCell.swift; sourceTree = "<group>"; };
		31D9E39A1C7D48C400E60F80 /* Main.storyboard */ = {isa = PBXFileReference; fileEncoding = 4; lastKnownFileType = file.storyboard; name = Main.storyboard; path = ../../../.Trash/Main.storyboard; sourceTree = "<group>"; };
		31D9E39C1C7FBF1B00E60F80 /* LeaderboardViewController.swift */ = {isa = PBXFileReference; fileEncoding = 4; lastKnownFileType = sourcecode.swift; path = LeaderboardViewController.swift; sourceTree = "<group>"; };
		31D9E39E1C80074500E60F80 /* LeaderboardCollectionViewCell.swift */ = {isa = PBXFileReference; fileEncoding = 4; lastKnownFileType = sourcecode.swift; path = LeaderboardCollectionViewCell.swift; sourceTree = "<group>"; };
		31D9E3C31C825CD700E60F80 /* GOT.mp3 */ = {isa = PBXFileReference; lastKnownFileType = audio.mp3; path = GOT.mp3; sourceTree = "<group>"; };
		31D9E3C51C82633E00E60F80 /* Pokemon.mp3 */ = {isa = PBXFileReference; lastKnownFileType = audio.mp3; path = Pokemon.mp3; sourceTree = "<group>"; };
		31D9E3C71C82639D00E60F80 /* Brew.mp3 */ = {isa = PBXFileReference; lastKnownFileType = audio.mp3; path = Brew.mp3; sourceTree = "<group>"; };
		31D9E3C91C82645600E60F80 /* Yoga.mp3 */ = {isa = PBXFileReference; lastKnownFileType = audio.mp3; path = Yoga.mp3; sourceTree = "<group>"; };
		31D9E3CB1C8264D800E60F80 /* Git.mp3 */ = {isa = PBXFileReference; lastKnownFileType = audio.mp3; path = Git.mp3; sourceTree = "<group>"; };
		5D4BCA8D1C728DB9005EB36E /* PlatypusMVP.app */ = {isa = PBXFileReference; explicitFileType = wrapper.application; includeInIndex = 0; path = PlatypusMVP.app; sourceTree = BUILT_PRODUCTS_DIR; };
		5D4BCA901C728DBA005EB36E /* AppDelegate.swift */ = {isa = PBXFileReference; lastKnownFileType = sourcecode.swift; path = AppDelegate.swift; sourceTree = "<group>"; };
		5D4BCA981C728DBA005EB36E /* PlatypusMVP.xcdatamodel */ = {isa = PBXFileReference; lastKnownFileType = wrapper.xcdatamodel; path = PlatypusMVP.xcdatamodel; sourceTree = "<group>"; };
		5D4BCA9A1C728DBA005EB36E /* Assets.xcassets */ = {isa = PBXFileReference; lastKnownFileType = folder.assetcatalog; path = Assets.xcassets; sourceTree = "<group>"; };
		5D4BCA9D1C728DBA005EB36E /* Base */ = {isa = PBXFileReference; lastKnownFileType = file.storyboard; name = Base; path = Base.lproj/LaunchScreen.storyboard; sourceTree = "<group>"; };
		5D4BCA9F1C728DBA005EB36E /* Info.plist */ = {isa = PBXFileReference; lastKnownFileType = text.plist.xml; path = Info.plist; sourceTree = "<group>"; };
		5D4BCAA71C728E8C005EB36E /* LoginViewController.swift */ = {isa = PBXFileReference; fileEncoding = 4; lastKnownFileType = sourcecode.swift; name = LoginViewController.swift; path = ../LoginViewController.swift; sourceTree = "<group>"; };
		5D4BCAAD1C72926F005EB36E /* CreateAccountViewController.swift */ = {isa = PBXFileReference; fileEncoding = 4; lastKnownFileType = sourcecode.swift; path = CreateAccountViewController.swift; sourceTree = "<group>"; };
		5D4BCAB21C7293B9005EB36E /* ChallengesTableViewController.swift */ = {isa = PBXFileReference; fileEncoding = 4; lastKnownFileType = sourcecode.swift; name = ChallengesTableViewController.swift; path = ../ChallengesTableViewController.swift; sourceTree = "<group>"; };
		5D4BCAB41C7293ED005EB36E /* StartViewController.swift */ = {isa = PBXFileReference; fileEncoding = 4; lastKnownFileType = sourcecode.swift; path = StartViewController.swift; sourceTree = "<group>"; };
		5D4BCAB61C729403005EB36E /* GamePlayViewController.swift */ = {isa = PBXFileReference; fileEncoding = 4; lastKnownFileType = sourcecode.swift; path = GamePlayViewController.swift; sourceTree = "<group>"; };
		5D4BCAB81C72A2F2005EB36E /* Challenges.swift */ = {isa = PBXFileReference; fileEncoding = 4; lastKnownFileType = sourcecode.swift; path = Challenges.swift; sourceTree = "<group>"; };
		5DB550C01C7534EC009E66F8 /* WinnerViewController.swift */ = {isa = PBXFileReference; fileEncoding = 4; lastKnownFileType = sourcecode.swift; path = WinnerViewController.swift; sourceTree = "<group>"; };
/* End PBXFileReference section */

/* Begin PBXFrameworksBuildPhase section */
		5D4BCA8A1C728DB9005EB36E /* Frameworks */ = {
			isa = PBXFrameworksBuildPhase;
			buildActionMask = 2147483647;
			files = (
			);
			runOnlyForDeploymentPostprocessing = 0;
		};
/* End PBXFrameworksBuildPhase section */

/* Begin PBXGroup section */
		31B099DE1C8674A60037B2A6 /* Launch */ = {
			isa = PBXGroup;
			children = (
				31B099F01C86768C0037B2A6 /* LaunchScreen.xib */,
				31B099DF1C8674CD0037B2A6 /* OvalLayer.swift */,
				31B099E01C8674CD0037B2A6 /* TriangleLayer.swift */,
				31B099E11C8674CD0037B2A6 /* RectangleLayer.swift */,
				31B099E21C8674CD0037B2A6 /* ArcLayer.swift */,
				31B099E31C8674CD0037B2A6 /* HolderView.swift */,
				31B099E91C8674E90037B2A6 /* Colors.swift */,
				31B099DC1C8674760037B2A6 /* LaunchViewController.swift */,
			);
			name = Launch;
			sourceTree = "<group>";
		};
		31B099F11C8689550037B2A6 /* Model */ = {
			isa = PBXGroup;
			children = (
			);
			name = Model;
			sourceTree = "<group>";
		};
		31B099F21C86895C0037B2A6 /* View */ = {
			isa = PBXGroup;
			children = (
			);
			name = View;
			sourceTree = "<group>";
		};
		31B099F31C8689610037B2A6 /* Controller */ = {
			isa = PBXGroup;
			children = (
				31D9E39C1C7FBF1B00E60F80 /* LeaderboardViewController.swift */,
				5D4BCAA71C728E8C005EB36E /* LoginViewController.swift */,
				5D4BCAB61C729403005EB36E /* GamePlayViewController.swift */,
				5D4BCAB41C7293ED005EB36E /* StartViewController.swift */,
				5DB550C01C7534EC009E66F8 /* WinnerViewController.swift */,
				5D4BCAB21C7293B9005EB36E /* ChallengesTableViewController.swift */,
				5D4BCAAD1C72926F005EB36E /* CreateAccountViewController.swift */,
			);
			name = Controller;
			sourceTree = "<group>";
		};
		5D4BCA841C728DB9005EB36E = {
			isa = PBXGroup;
			children = (
				5D4BCA8F1C728DB9005EB36E /* PlatypusMVP */,
				5D4BCA8E1C728DB9005EB36E /* Products */,
				31D9E3C31C825CD700E60F80 /* GOT.mp3 */,
				31D9E3C51C82633E00E60F80 /* Pokemon.mp3 */,
				31D9E3C71C82639D00E60F80 /* Brew.mp3 */,
				31D9E3C91C82645600E60F80 /* Yoga.mp3 */,
				31D9E3CB1C8264D800E60F80 /* Git.mp3 */,
			);
			sourceTree = "<group>";
		};
		5D4BCA8E1C728DB9005EB36E /* Products */ = {
			isa = PBXGroup;
			children = (
				5D4BCA8D1C728DB9005EB36E /* PlatypusMVP.app */,
			);
			name = Products;
			sourceTree = "<group>";
		};
		5D4BCA8F1C728DB9005EB36E /* PlatypusMVP */ = {
			isa = PBXGroup;
			children = (
				5D4BCAB81C72A2F2005EB36E /* Challenges.swift */,
				31B099F11C8689550037B2A6 /* Model */,
				31B099F21C86895C0037B2A6 /* View */,
				31B099D51C8556CC0037B2A6 /* CustomButton.swift */,
				31B099F31C8689610037B2A6 /* Controller */,
				31D9E39A1C7D48C400E60F80 /* Main.storyboard */,
				31D9E3771C7B919B00E60F80 /* ChallengeCell.swift */,
				31D9E39E1C80074500E60F80 /* LeaderboardCollectionViewCell.swift */,
				31B099DE1C8674A60037B2A6 /* Launch */,
				5D4BCA9A1C728DBA005EB36E /* Assets.xcassets */,
				5D4BCAB11C729323005EB36E /* Supporting Files */,
			);
			path = PlatypusMVP;
			sourceTree = "<group>";
		};
		5D4BCAB11C729323005EB36E /* Supporting Files */ = {
			isa = PBXGroup;
			children = (
				5D4BCA901C728DBA005EB36E /* AppDelegate.swift */,
				5D4BCA9C1C728DBA005EB36E /* LaunchScreen.storyboard */,
				5D4BCA9F1C728DBA005EB36E /* Info.plist */,
				5D4BCA971C728DBA005EB36E /* PlatypusMVP.xcdatamodeld */,
			);
			name = "Supporting Files";
			sourceTree = "<group>";
		};
/* End PBXGroup section */

/* Begin PBXNativeTarget section */
		5D4BCA8C1C728DB9005EB36E /* PlatypusMVP */ = {
			isa = PBXNativeTarget;
			buildConfigurationList = 5D4BCAA21C728DBA005EB36E /* Build configuration list for PBXNativeTarget "PlatypusMVP" */;
			buildPhases = (
				5D4BCA891C728DB9005EB36E /* Sources */,
				5D4BCA8A1C728DB9005EB36E /* Frameworks */,
				5D4BCA8B1C728DB9005EB36E /* Resources */,
			);
			buildRules = (
			);
			dependencies = (
			);
			name = PlatypusMVP;
			productName = PlatypusMVP;
			productReference = 5D4BCA8D1C728DB9005EB36E /* PlatypusMVP.app */;
			productType = "com.apple.product-type.application";
		};
/* End PBXNativeTarget section */

/* Begin PBXProject section */
		5D4BCA851C728DB9005EB36E /* Project object */ = {
			isa = PBXProject;
			attributes = {
				LastSwiftUpdateCheck = 0720;
				LastUpgradeCheck = 0720;
				ORGANIZATIONNAME = "M1ndful M3d1a";
				TargetAttributes = {
					5D4BCA8C1C728DB9005EB36E = {
						CreatedOnToolsVersion = 7.2;
					};
				};
			};
			buildConfigurationList = 5D4BCA881C728DB9005EB36E /* Build configuration list for PBXProject "PlatypusMVP" */;
			compatibilityVersion = "Xcode 3.2";
			developmentRegion = English;
			hasScannedForEncodings = 0;
			knownRegions = (
				en,
				Base,
			);
			mainGroup = 5D4BCA841C728DB9005EB36E;
			productRefGroup = 5D4BCA8E1C728DB9005EB36E /* Products */;
			projectDirPath = "";
			projectRoot = "";
			targets = (
				5D4BCA8C1C728DB9005EB36E /* PlatypusMVP */,
			);
		};
/* End PBXProject section */

/* Begin PBXResourcesBuildPhase section */
		5D4BCA8B1C728DB9005EB36E /* Resources */ = {
			isa = PBXResourcesBuildPhase;
			buildActionMask = 2147483647;
			files = (
				31D9E3CC1C8264D800E60F80 /* Git.mp3 in Resources */,
				31D9E3C81C82639D00E60F80 /* Brew.mp3 in Resources */,
				31D9E39B1C7D48C400E60F80 /* Main.storyboard in Resources */,
				31D9E3CA1C82645600E60F80 /* Yoga.mp3 in Resources */,
				5D4BCA9E1C728DBA005EB36E /* LaunchScreen.storyboard in Resources */,
				5D4BCA9B1C728DBA005EB36E /* Assets.xcassets in Resources */,
				31D9E3C41C825CD700E60F80 /* GOT.mp3 in Resources */,
				31B099EE1C86768C0037B2A6 /* LaunchScreen.xib in Resources */,
				31D9E3C61C82633E00E60F80 /* Pokemon.mp3 in Resources */,
			);
			runOnlyForDeploymentPostprocessing = 0;
		};
/* End PBXResourcesBuildPhase section */

/* Begin PBXSourcesBuildPhase section */
		5D4BCA891C728DB9005EB36E /* Sources */ = {
			isa = PBXSourcesBuildPhase;
			buildActionMask = 2147483647;
			files = (
				5D4BCAAE1C72926F005EB36E /* CreateAccountViewController.swift in Sources */,
				31B099EA1C8674E90037B2A6 /* Colors.swift in Sources */,
				31B099DD1C8674760037B2A6 /* LaunchViewController.swift in Sources */,
				5D4BCAB51C7293ED005EB36E /* StartViewController.swift in Sources */,
				5D4BCAA81C728E8C005EB36E /* LoginViewController.swift in Sources */,
				31B099D61C8556CC0037B2A6 /* CustomButton.swift in Sources */,
				5D4BCA991C728DBA005EB36E /* PlatypusMVP.xcdatamodeld in Sources */,
				5D4BCA911C728DBA005EB36E /* AppDelegate.swift in Sources */,
				5D4BCAB71C729403005EB36E /* GamePlayViewController.swift in Sources */,
				31B099E41C8674CD0037B2A6 /* OvalLayer.swift in Sources */,
				31B099E71C8674CD0037B2A6 /* ArcLayer.swift in Sources */,
				5D4BCAB31C7293B9005EB36E /* ChallengesTableViewController.swift in Sources */,
				31B099E81C8674CD0037B2A6 /* HolderView.swift in Sources */,
				31B099E61C8674CD0037B2A6 /* RectangleLayer.swift in Sources */,
				31D9E3781C7B919B00E60F80 /* ChallengeCell.swift in Sources */,
				5D4BCAB91C72A2F2005EB36E /* Challenges.swift in Sources */,
				31D9E39D1C7FBF1B00E60F80 /* LeaderboardViewController.swift in Sources */,
				31D9E39F1C80074500E60F80 /* LeaderboardCollectionViewCell.swift in Sources */,
				5DB550C11C7534EC009E66F8 /* WinnerViewController.swift in Sources */,
				31B099E51C8674CD0037B2A6 /* TriangleLayer.swift in Sources */,
			);
			runOnlyForDeploymentPostprocessing = 0;
		};
/* End PBXSourcesBuildPhase section */

/* Begin PBXVariantGroup section */
		31B099F01C86768C0037B2A6 /* LaunchScreen.xib */ = {
			isa = PBXVariantGroup;
			children = (
				31B099EF1C86768C0037B2A6 /* Base */,
			);
			name = LaunchScreen.xib;
			sourceTree = "<group>";
		};
		5D4BCA9C1C728DBA005EB36E /* LaunchScreen.storyboard */ = {
			isa = PBXVariantGroup;
			children = (
				5D4BCA9D1C728DBA005EB36E /* Base */,
			);
			name = LaunchScreen.storyboard;
			sourceTree = "<group>";
		};
/* End PBXVariantGroup section */

/* Begin XCBuildConfiguration section */
		5D4BCAA01C728DBA005EB36E /* Debug */ = {
			isa = XCBuildConfiguration;
			buildSettings = {
				ALWAYS_SEARCH_USER_PATHS = NO;
				CLANG_CXX_LANGUAGE_STANDARD = "gnu++0x";
				CLANG_CXX_LIBRARY = "libc++";
				CLANG_ENABLE_MODULES = YES;
				CLANG_ENABLE_OBJC_ARC = YES;
				CLANG_WARN_BOOL_CONVERSION = YES;
				CLANG_WARN_CONSTANT_CONVERSION = YES;
				CLANG_WARN_DIRECT_OBJC_ISA_USAGE = YES_ERROR;
				CLANG_WARN_EMPTY_BODY = YES;
				CLANG_WARN_ENUM_CONVERSION = YES;
				CLANG_WARN_INT_CONVERSION = YES;
				CLANG_WARN_OBJC_ROOT_CLASS = YES_ERROR;
				CLANG_WARN_UNREACHABLE_CODE = YES;
				CLANG_WARN__DUPLICATE_METHOD_MATCH = YES;
				"CODE_SIGN_IDENTITY[sdk=iphoneos*]" = "iPhone Developer";
				COPY_PHASE_STRIP = NO;
				DEBUG_INFORMATION_FORMAT = dwarf;
				ENABLE_STRICT_OBJC_MSGSEND = YES;
				ENABLE_TESTABILITY = YES;
				GCC_C_LANGUAGE_STANDARD = gnu99;
				GCC_DYNAMIC_NO_PIC = NO;
				GCC_NO_COMMON_BLOCKS = YES;
				GCC_OPTIMIZATION_LEVEL = 0;
				GCC_PREPROCESSOR_DEFINITIONS = (
					"DEBUG=1",
					"$(inherited)",
				);
				GCC_WARN_64_TO_32_BIT_CONVERSION = YES;
				GCC_WARN_ABOUT_RETURN_TYPE = YES_ERROR;
				GCC_WARN_UNDECLARED_SELECTOR = YES;
				GCC_WARN_UNINITIALIZED_AUTOS = YES_AGGRESSIVE;
				GCC_WARN_UNUSED_FUNCTION = YES;
				GCC_WARN_UNUSED_VARIABLE = YES;
				IPHONEOS_DEPLOYMENT_TARGET = 9.2;
				MTL_ENABLE_DEBUG_INFO = YES;
				ONLY_ACTIVE_ARCH = YES;
				SDKROOT = iphoneos;
				SWIFT_OPTIMIZATION_LEVEL = "-Onone";
			};
			name = Debug;
		};
		5D4BCAA11C728DBA005EB36E /* Release */ = {
			isa = XCBuildConfiguration;
			buildSettings = {
				ALWAYS_SEARCH_USER_PATHS = NO;
				CLANG_CXX_LANGUAGE_STANDARD = "gnu++0x";
				CLANG_CXX_LIBRARY = "libc++";
				CLANG_ENABLE_MODULES = YES;
				CLANG_ENABLE_OBJC_ARC = YES;
				CLANG_WARN_BOOL_CONVERSION = YES;
				CLANG_WARN_CONSTANT_CONVERSION = YES;
				CLANG_WARN_DIRECT_OBJC_ISA_USAGE = YES_ERROR;
				CLANG_WARN_EMPTY_BODY = YES;
				CLANG_WARN_ENUM_CONVERSION = YES;
				CLANG_WARN_INT_CONVERSION = YES;
				CLANG_WARN_OBJC_ROOT_CLASS = YES_ERROR;
				CLANG_WARN_UNREACHABLE_CODE = YES;
				CLANG_WARN__DUPLICATE_METHOD_MATCH = YES;
				"CODE_SIGN_IDENTITY[sdk=iphoneos*]" = "iPhone Developer";
				COPY_PHASE_STRIP = NO;
				DEBUG_INFORMATION_FORMAT = "dwarf-with-dsym";
				ENABLE_NS_ASSERTIONS = NO;
				ENABLE_STRICT_OBJC_MSGSEND = YES;
				GCC_C_LANGUAGE_STANDARD = gnu99;
				GCC_NO_COMMON_BLOCKS = YES;
				GCC_WARN_64_TO_32_BIT_CONVERSION = YES;
				GCC_WARN_ABOUT_RETURN_TYPE = YES_ERROR;
				GCC_WARN_UNDECLARED_SELECTOR = YES;
				GCC_WARN_UNINITIALIZED_AUTOS = YES_AGGRESSIVE;
				GCC_WARN_UNUSED_FUNCTION = YES;
				GCC_WARN_UNUSED_VARIABLE = YES;
				IPHONEOS_DEPLOYMENT_TARGET = 9.2;
				MTL_ENABLE_DEBUG_INFO = NO;
				SDKROOT = iphoneos;
				VALIDATE_PRODUCT = YES;
			};
			name = Release;
		};
		5D4BCAA31C728DBA005EB36E /* Debug */ = {
			isa = XCBuildConfiguration;
			buildSettings = {
				ASSETCATALOG_COMPILER_APPICON_NAME = AppIcon;
				INFOPLIST_FILE = PlatypusMVP/Info.plist;
				LD_RUNPATH_SEARCH_PATHS = "$(inherited) @executable_path/Frameworks";
				PRODUCT_BUNDLE_IDENTIFIER = com.jn4m4573.com.PlatypusMVP;
				PRODUCT_NAME = "$(TARGET_NAME)";
			};
			name = Debug;
		};
		5D4BCAA41C728DBA005EB36E /* Release */ = {
			isa = XCBuildConfiguration;
			buildSettings = {
				ASSETCATALOG_COMPILER_APPICON_NAME = AppIcon;
				INFOPLIST_FILE = PlatypusMVP/Info.plist;
				LD_RUNPATH_SEARCH_PATHS = "$(inherited) @executable_path/Frameworks";
				PRODUCT_BUNDLE_IDENTIFIER = com.jn4m4573.com.PlatypusMVP;
				PRODUCT_NAME = "$(TARGET_NAME)";
			};
			name = Release;
		};
/* End XCBuildConfiguration section */

/* Begin XCConfigurationList section */
		5D4BCA881C728DB9005EB36E /* Build configuration list for PBXProject "PlatypusMVP" */ = {
			isa = XCConfigurationList;
			buildConfigurations = (
				5D4BCAA01C728DBA005EB36E /* Debug */,
				5D4BCAA11C728DBA005EB36E /* Release */,
			);
			defaultConfigurationIsVisible = 0;
			defaultConfigurationName = Release;
		};
		5D4BCAA21C728DBA005EB36E /* Build configuration list for PBXNativeTarget "PlatypusMVP" */ = {
			isa = XCConfigurationList;
			buildConfigurations = (
				5D4BCAA31C728DBA005EB36E /* Debug */,
				5D4BCAA41C728DBA005EB36E /* Release */,
			);
			defaultConfigurationIsVisible = 0;
			defaultConfigurationName = Release;
		};
/* End XCConfigurationList section */

/* Begin XCVersionGroup section */
		5D4BCA971C728DBA005EB36E /* PlatypusMVP.xcdatamodeld */ = {
			isa = XCVersionGroup;
			children = (
				5D4BCA981C728DBA005EB36E /* PlatypusMVP.xcdatamodel */,
			);
			currentVersion = 5D4BCA981C728DBA005EB36E /* PlatypusMVP.xcdatamodel */;
			path = PlatypusMVP.xcdatamodeld;
			sourceTree = "<group>";
			versionGroupType = wrapper.xcdatamodel;
		};
/* End XCVersionGroup section */
	};
	rootObject = 5D4BCA851C728DB9005EB36E /* Project object */;
}
